
Microsoft Visual Studio Solution File, Format Version 12.00
# Visual Studio Version 16
VisualStudioVersion = 16.0.33027.164
MinimumVisualStudioVersion = 10.0.40219.1
Project("{FAE04EC0-301F-11D3-BF4B-00C04F79EFBC}") = "Entities", "Entities\Entities.csproj", "{8FAE9254-02CB-41E8-AB38-E49761C0FAED}"
EndProject
Project("{FAE04EC0-301F-11D3-BF4B-00C04F79EFBC}") = "DataAccess", "DataAccess\DataAccess.csproj", "{2BEBD144-C932-4FE8-AA01-8C6E4708337E}"
EndProject
Project("{FAE04EC0-301F-11D3-BF4B-00C04F79EFBC}") = "Business", "Business\Business.csproj", "{4384E248-263C-42F9-8309-6B6178D5BA1D}"
EndProject
Project("{FAE04EC0-301F-11D3-BF4B-00C04F79EFBC}") = "Core", "Core\Core.csproj", "{6C74BCD0-7717-4E94-873B-C72F64377C8E}"
EndProject
Project("{FAE04EC0-301F-11D3-BF4B-00C04F79EFBC}") = "WebAPI", "WebAPI\WebAPI.csproj", "{E3DA5289-8036-4CFD-B061-341A57B15775}"
EndProject
Global
	GlobalSection(SolutionConfigurationPlatforms) = preSolution
		Debug|Any CPU = Debug|Any CPU
		Release|Any CPU = Release|Any CPU
	EndGlobalSection
	GlobalSection(ProjectConfigurationPlatforms) = postSolution
		{8FAE9254-02CB-41E8-AB38-E49761C0FAED}.Debug|Any CPU.ActiveCfg = Debug|Any CPU
		{8FAE9254-02CB-41E8-AB38-E49761C0FAED}.Debug|Any CPU.Build.0 = Debug|Any CPU
		{8FAE9254-02CB-41E8-AB38-E49761C0FAED}.Release|Any CPU.ActiveCfg = Release|Any CPU
		{8FAE9254-02CB-41E8-AB38-E49761C0FAED}.Release|Any CPU.Build.0 = Release|Any CPU
		{2BEBD144-C932-4FE8-AA01-8C6E4708337E}.Debug|Any CPU.ActiveCfg = Debug|Any CPU
		{2BEBD144-C932-4FE8-AA01-8C6E4708337E}.Debug|Any CPU.Build.0 = Debug|Any CPU
		{2BEBD144-C932-4FE8-AA01-8C6E4708337E}.Release|Any CPU.ActiveCfg = Release|Any CPU
		{2BEBD144-C932-4FE8-AA01-8C6E4708337E}.Release|Any CPU.Build.0 = Release|Any CPU
		{4384E248-263C-42F9-8309-6B6178D5BA1D}.Debug|Any CPU.ActiveCfg = Debug|Any CPU
		{4384E248-263C-42F9-8309-6B6178D5BA1D}.Debug|Any CPU.Build.0 = Debug|Any CPU
		{4384E248-263C-42F9-8309-6B6178D5BA1D}.Release|Any CPU.ActiveCfg = Release|Any CPU
		{4384E248-263C-42F9-8309-6B6178D5BA1D}.Release|Any CPU.Build.0 = Release|Any CPU
		{6C74BCD0-7717-4E94-873B-C72F64377C8E}.Debug|Any CPU.ActiveCfg = Debug|Any CPU
		{6C74BCD0-7717-4E94-873B-C72F64377C8E}.Debug|Any CPU.Build.0 = Debug|Any CPU
		{6C74BCD0-7717-4E94-873B-C72F64377C8E}.Release|Any CPU.ActiveCfg = Release|Any CPU
		{6C74BCD0-7717-4E94-873B-C72F64377C8E}.Release|Any CPU.Build.0 = Release|Any CPU
		{E3DA5289-8036-4CFD-B061-341A57B15775}.Debug|Any CPU.ActiveCfg = Debug|Any CPU
		{E3DA5289-8036-4CFD-B061-341A57B15775}.Debug|Any CPU.Build.0 = Debug|Any CPU
		{E3DA5289-8036-4CFD-B061-341A57B15775}.Release|Any CPU.ActiveCfg = Release|Any CPU
		{E3DA5289-8036-4CFD-B061-341A57B15775}.Release|Any CPU.Build.0 = Release|Any CPU
	EndGlobalSection
	GlobalSection(SolutionProperties) = preSolution
		HideSolutionNode = FALSE
	EndGlobalSection
	GlobalSection(ExtensibilityGlobals) = postSolution
		SolutionGuid = {8067C434-2580-44A8-9BBC-7DE72FA402BA}
	EndGlobalSection
EndGlobal
